
Microsoft Visual Studio Solution File, Format Version 12.00
# Visual Studio Version 16
VisualStudioVersion = 16.0.31105.61
MinimumVisualStudioVersion = 10.0.40219.1
Project("{FAE04EC0-301F-11D3-BF4B-00C04F79EFBC}") = "Test", "Test\Test.csproj", "{D22ACE70-2FC9-45B8-B7D9-26A95797F37C}"
EndProject
Project("{FAE04EC0-301F-11D3-BF4B-00C04F79EFBC}") = "Library", "Library\Library.csproj", "{932ACFD8-9406-4B89-B416-1B98BEEF8BE5}"
EndProject
Global
	GlobalSection(SolutionConfigurationPlatforms) = preSolution
		Debug|Any CPU = Debug|Any CPU
		Release|Any CPU = Release|Any CPU
	EndGlobalSection
	GlobalSection(ProjectConfigurationPlatforms) = postSolution
		{D22ACE70-2FC9-45B8-B7D9-26A95797F37C}.Debug|Any CPU.ActiveCfg = Debug|Any CPU
		{D22ACE70-2FC9-45B8-B7D9-26A95797F37C}.Debug|Any CPU.Build.0 = Debug|Any CPU
		{D22ACE70-2FC9-45B8-B7D9-26A95797F37C}.Release|Any CPU.ActiveCfg = Release|Any CPU
		{D22ACE70-2FC9-45B8-B7D9-26A95797F37C}.Release|Any CPU.Build.0 = Release|Any CPU
		{932ACFD8-9406-4B89-B416-1B98BEEF8BE5}.Debug|Any CPU.ActiveCfg = Debug|Any CPU
		{932ACFD8-9406-4B89-B416-1B98BEEF8BE5}.Debug|Any CPU.Build.0 = Debug|Any CPU
		{932ACFD8-9406-4B89-B416-1B98BEEF8BE5}.Release|Any CPU.ActiveCfg = Release|Any CPU
		{932ACFD8-9406-4B89-B416-1B98BEEF8BE5}.Release|Any CPU.Build.0 = Release|Any CPU
	EndGlobalSection
	GlobalSection(SolutionProperties) = preSolution
		HideSolutionNode = FALSE
	EndGlobalSection
	GlobalSection(ExtensibilityGlobals) = postSolution
		SolutionGuid = {F5A0BE29-160B-4E15-8C8D-B37A253366CC}
	EndGlobalSection
EndGlobal
